
Microsoft Visual Studio Solution File, Format Version 12.00
# Visual Studio Version 16
VisualStudioVersion = 16.0.30204.135
MinimumVisualStudioVersion = 10.0.40219.1
Project("{FAE04EC0-301F-11D3-BF4B-00C04F79EFBC}") = "HardwareRetroAchievements", "HardwareRetroAchievements\HardwareRetroAchievements.csproj", "{C993BB2B-1B82-47CB-B7B1-5229299A18BC}"
EndProject
Project("{FAE04EC0-301F-11D3-BF4B-00C04F79EFBC}") = "HardwareRetroAchievements.Core", "HardwareRetroAchievements.Core\HardwareRetroAchievements.Core.csproj", "{7F6572D8-9447-4857-B66F-88FB5437A0F2}"
EndProject
Project("{FAE04EC0-301F-11D3-BF4B-00C04F79EFBC}") = "HardwareRetroAchievements.Core.Tests", "HardwareRetroAchievements.Core.Tests\HardwareRetroAchievements.Core.Tests.csproj", "{50260778-97AD-47F1-ABBF-956D0CCB3D6F}"
EndProject
Global
	GlobalSection(SolutionConfigurationPlatforms) = preSolution
		Debug|Any CPU = Debug|Any CPU
		Release|Any CPU = Release|Any CPU
	EndGlobalSection
	GlobalSection(ProjectConfigurationPlatforms) = postSolution
		{C993BB2B-1B82-47CB-B7B1-5229299A18BC}.Debug|Any CPU.ActiveCfg = Debug|Any CPU
		{C993BB2B-1B82-47CB-B7B1-5229299A18BC}.Debug|Any CPU.Build.0 = Debug|Any CPU
		{C993BB2B-1B82-47CB-B7B1-5229299A18BC}.Release|Any CPU.ActiveCfg = Release|Any CPU
		{C993BB2B-1B82-47CB-B7B1-5229299A18BC}.Release|Any CPU.Build.0 = Release|Any CPU
		{7F6572D8-9447-4857-B66F-88FB5437A0F2}.Debug|Any CPU.ActiveCfg = Debug|Any CPU
		{7F6572D8-9447-4857-B66F-88FB5437A0F2}.Debug|Any CPU.Build.0 = Debug|Any CPU
		{7F6572D8-9447-4857-B66F-88FB5437A0F2}.Release|Any CPU.ActiveCfg = Release|Any CPU
		{7F6572D8-9447-4857-B66F-88FB5437A0F2}.Release|Any CPU.Build.0 = Release|Any CPU
		{50260778-97AD-47F1-ABBF-956D0CCB3D6F}.Debug|Any CPU.ActiveCfg = Debug|Any CPU
		{50260778-97AD-47F1-ABBF-956D0CCB3D6F}.Debug|Any CPU.Build.0 = Debug|Any CPU
		{50260778-97AD-47F1-ABBF-956D0CCB3D6F}.Release|Any CPU.ActiveCfg = Release|Any CPU
		{50260778-97AD-47F1-ABBF-956D0CCB3D6F}.Release|Any CPU.Build.0 = Release|Any CPU
	EndGlobalSection
	GlobalSection(SolutionProperties) = preSolution
		HideSolutionNode = FALSE
	EndGlobalSection
	GlobalSection(ExtensibilityGlobals) = postSolution
		SolutionGuid = {8AA4C215-99CA-4551-AC47-4B962AB1D442}
	EndGlobalSection
EndGlobal
